
Microsoft Visual Studio Solution File, Format Version 12.00
# Visual Studio Version 16
VisualStudioVersion = 16.0.31321.278
MinimumVisualStudioVersion = 10.0.40219.1
Project("{FAE04EC0-301F-11D3-BF4B-00C04F79EFBC}") = "WpfApp8", "WpfApp8\WpfApp8.csproj", "{89D67196-5573-4CFE-9DA3-54F6D6128A58}"
EndProject
Global
	GlobalSection(SolutionConfigurationPlatforms) = preSolution
		Debug|Any CPU = Debug|Any CPU
		Release|Any CPU = Release|Any CPU
	EndGlobalSection
	GlobalSection(ProjectConfigurationPlatforms) = postSolution
		{89D67196-5573-4CFE-9DA3-54F6D6128A58}.Debug|Any CPU.ActiveCfg = Debug|Any CPU
		{89D67196-5573-4CFE-9DA3-54F6D6128A58}.Debug|Any CPU.Build.0 = Debug|Any CPU
		{89D67196-5573-4CFE-9DA3-54F6D6128A58}.Release|Any CPU.ActiveCfg = Release|Any CPU
		{89D67196-5573-4CFE-9DA3-54F6D6128A58}.Release|Any CPU.Build.0 = Release|Any CPU
	EndGlobalSection
	GlobalSection(SolutionProperties) = preSolution
		HideSolutionNode = FALSE
	EndGlobalSection
	GlobalSection(ExtensibilityGlobals) = postSolution
		SolutionGuid = {51ACA4D3-551C-4C67-AEE0-03B4E30C5712}
	EndGlobalSection
EndGlobal
